// !$*UTF8*$!
{
	archiveVersion = 1;
	classes = {
	};
	objectVersion = 46;
	objects = {

/* Begin PBXBuildFile section */
		0C53410D21B746AA004A9550 /* XiCliCoreTests.swift in Sources */ = {isa = PBXBuildFile; fileRef = 0C53410C21B746AA004A9550 /* XiCliCoreTests.swift */; };
		0C53410F21B746AA004A9550 /* libXiCliCore.a in Frameworks */ = {isa = PBXBuildFile; fileRef = 0C62058D21B63B8E00A9758F /* libXiCliCore.a */; };
		0C53411A21B786F3004A9550 /* XiCli in Resources */ = {isa = PBXBuildFile; fileRef = 0C66CB2B218F5CDB00F6F899 /* XiCli */; };
		0C62059621B63BAB00A9758F /* CommandLineTool.swift in Sources */ = {isa = PBXBuildFile; fileRef = 0C66CB36218F5E8A00F6F899 /* CommandLineTool.swift */; };
		0C62059721B63BAE00A9758F /* Arguments.swift in Sources */ = {isa = PBXBuildFile; fileRef = 0C1F5B2921B5EFA300B7CE15 /* Arguments.swift */; };
		0C62059821B63C0900A9758F /* libXiCliCore.a in Frameworks */ = {isa = PBXBuildFile; fileRef = 0C62058D21B63B8E00A9758F /* libXiCliCore.a */; };
		0C66CB2E218F5CDB00F6F899 /* main.swift in Sources */ = {isa = PBXBuildFile; fileRef = 0C66CB2D218F5CDB00F6F899 /* main.swift */; };
		28F1ED4A1EC4C735008839BE /* Search.swift in Sources */ = {isa = PBXBuildFile; fileRef = 28F1ED491EC4C735008839BE /* Search.swift */; };
		4DC153D32165202B000EB215 /* XiWindowController.swift in Sources */ = {isa = PBXBuildFile; fileRef = 4DC153D22165202B000EB215 /* XiWindowController.swift */; };
		4DCB4AF020576A6F00476F75 /* fonts in Resources */ = {isa = PBXBuildFile; fileRef = 4DCB4AEF20576A6E00476F75 /* fonts */; };
		6038770720057B4500AABF17 /* XiDocumentController.swift in Sources */ = {isa = PBXBuildFile; fileRef = 6038770620057B4500AABF17 /* XiDocumentController.swift */; };
		6057C52521A07F1900F6BD47 /* LoggingUtilities.swift in Sources */ = {isa = PBXBuildFile; fileRef = 6057C52421A07F1900F6BD47 /* LoggingUtilities.swift */; };
		6083722F2058597B00E9CF5D /* ShadowView.swift in Sources */ = {isa = PBXBuildFile; fileRef = 6083722E2058597B00E9CF5D /* ShadowView.swift */; };
		6B0C298B2033C39500EA07AF /* XiWindow.swift in Sources */ = {isa = PBXBuildFile; fileRef = 6B0C298A2033C39500EA07AF /* XiWindow.swift */; };
		6B0DCDD61E832101007C14A3 /* EditContainerView.swift in Sources */ = {isa = PBXBuildFile; fileRef = 6B0DCDD51E832101007C14A3 /* EditContainerView.swift */; };
		6B1D39101FC53F5C008CCA35 /* client_example.toml in Resources */ = {isa = PBXBuildFile; fileRef = 6B1D390F1FC53F5C008CCA35 /* client_example.toml */; };
		6B53F5F21EF963EB00A4C664 /* Theme.swift in Sources */ = {isa = PBXBuildFile; fileRef = 6B53F5F11EF963EB00A4C664 /* Theme.swift */; };
		6B90DD1C1F129C1A00DF3CE2 /* PluginCommand.swift in Sources */ = {isa = PBXBuildFile; fileRef = 6B90DD1B1F129C1A00DF3CE2 /* PluginCommand.swift */; };
		6B90DD221F14110B00DF3CE2 /* UserInputPromptController.swift in Sources */ = {isa = PBXBuildFile; fileRef = 6B90DD211F14110B00DF3CE2 /* UserInputPromptController.swift */; };
		6BA1873B1FDDD7B6008220DA /* XiClipView.swift in Sources */ = {isa = PBXBuildFile; fileRef = 6BA1873A1FDDD7B6008220DA /* XiClipView.swift */; };
		6BF9575B1FD70C420010BAE6 /* Client.swift in Sources */ = {isa = PBXBuildFile; fileRef = 6BF9575A1FD70C420010BAE6 /* Client.swift */; };
		832910D920229C2D0042C32B /* Fps.swift in Sources */ = {isa = PBXBuildFile; fileRef = 832910D820229C2D0042C32B /* Fps.swift */; };
		95FD9935218689A500C32AF1 /* MarkerBar.swift in Sources */ = {isa = PBXBuildFile; fileRef = 95FD9934218689A500C32AF1 /* MarkerBar.swift */; };
		AE0243F61E4BDF8A00641BDA /* StyleMap.swift in Sources */ = {isa = PBXBuildFile; fileRef = AE0243F51E4BDF8A00641BDA /* StyleMap.swift */; };
		AE041BA61D4327EB0069AB8B /* plugins in Resources */ = {isa = PBXBuildFile; fileRef = AE041BA51D4327EB0069AB8B /* plugins */; };
		AE168C5C1E4AD87B008249AE /* LineCache.swift in Sources */ = {isa = PBXBuildFile; fileRef = AE168C5B1E4AD87B008249AE /* LineCache.swift */; };
		AE228F5D1C897CE7000E9B0F /* xi-core in Resources */ = {isa = PBXBuildFile; fileRef = AE228F5C1C897CE7000E9B0F /* xi-core */; };
		AE499DD01C82BB2B002D68AF /* AppDelegate.swift in Sources */ = {isa = PBXBuildFile; fileRef = AE499DCF1C82BB2B002D68AF /* AppDelegate.swift */; };
		AE499DD21C82BB2B002D68AF /* Assets.xcassets in Resources */ = {isa = PBXBuildFile; fileRef = AE499DD11C82BB2B002D68AF /* Assets.xcassets */; };
		AE499DE01C82BB2B002D68AF /* XiEditorTests.swift in Sources */ = {isa = PBXBuildFile; fileRef = AE499DDF1C82BB2B002D68AF /* XiEditorTests.swift */; };
		AE499DEB1C82BB2B002D68AF /* XiEditorUITests.swift in Sources */ = {isa = PBXBuildFile; fileRef = AE499DEA1C82BB2B002D68AF /* XiEditorUITests.swift */; };
		AE499DF91C82C835002D68AF /* RPCSending.swift in Sources */ = {isa = PBXBuildFile; fileRef = AE499DF81C82C835002D68AF /* RPCSending.swift */; };
		AEC4F6B31FF5AF130060E10E /* UnfairLock.swift in Sources */ = {isa = PBXBuildFile; fileRef = AEC4F6B21FF5AF130060E10E /* UnfairLock.swift */; };
		AEC4F6CA1FFB02F10060E10E /* Trace.swift in Sources */ = {isa = PBXBuildFile; fileRef = AEC4F6C91FFB02F10060E10E /* Trace.swift */; };
		AED22D761FE836880096E7C3 /* TextPlane.swift in Sources */ = {isa = PBXBuildFile; fileRef = AED22D751FE836880096E7C3 /* TextPlane.swift */; };
		AED22D781FE8404D0096E7C3 /* Renderer.swift in Sources */ = {isa = PBXBuildFile; fileRef = AED22D771FE8404D0096E7C3 /* Renderer.swift */; };
		AED22D7A1FE8418A0096E7C3 /* Atlas.swift in Sources */ = {isa = PBXBuildFile; fileRef = AED22D791FE8418A0096E7C3 /* Atlas.swift */; };
		AED22D7C1FE8428D0096E7C3 /* ShaderProgram.swift in Sources */ = {isa = PBXBuildFile; fileRef = AED22D7B1FE8428D0096E7C3 /* ShaderProgram.swift */; };
		AED22D811FE84B4B0096E7C3 /* solid.f.glsl in Resources */ = {isa = PBXBuildFile; fileRef = AED22D7D1FE84B4B0096E7C3 /* solid.f.glsl */; };
		AED22D821FE84B4B0096E7C3 /* solid.v.glsl in Resources */ = {isa = PBXBuildFile; fileRef = AED22D7E1FE84B4B0096E7C3 /* solid.v.glsl */; };
		AED22D831FE84B4B0096E7C3 /* text.v.glsl in Resources */ = {isa = PBXBuildFile; fileRef = AED22D7F1FE84B4B0096E7C3 /* text.v.glsl */; };
		AED22D841FE84B4B0096E7C3 /* text.f.glsl in Resources */ = {isa = PBXBuildFile; fileRef = AED22D801FE84B4B0096E7C3 /* text.f.glsl */; };
		AED22D861FE877000096E7C3 /* TextLine.swift in Sources */ = {isa = PBXBuildFile; fileRef = AED22D851FE877000096E7C3 /* TextLine.swift */; };
		AED23F181C83CBED002246CE /* EditView.swift in Sources */ = {isa = PBXBuildFile; fileRef = AED23F171C83CBEC002246CE /* EditView.swift */; };
		D810EA5221BB291D00EABB21 /* ClientImplementation.swift in Sources */ = {isa = PBXBuildFile; fileRef = D810EA5121BB291D00EABB21 /* ClientImplementation.swift */; };
		D8D319F0218CB39A00D108D4 /* XiCore.swift in Sources */ = {isa = PBXBuildFile; fileRef = D8D319EF218CB39A00D108D4 /* XiCore.swift */; };
		D8D319F2218CBCD100D108D4 /* XiCoreTests.swift in Sources */ = {isa = PBXBuildFile; fileRef = D8D319F1218CBCD100D108D4 /* XiCoreTests.swift */; };
		E1288E8020B06E9C0068EEB9 /* StatusBar.swift in Sources */ = {isa = PBXBuildFile; fileRef = E1288E7F20B06E9C0068EEB9 /* StatusBar.swift */; };
		E16BB89820FE42A700A0D7A1 /* HoverViewController.swift in Sources */ = {isa = PBXBuildFile; fileRef = E16BB89720FE42A600A0D7A1 /* HoverViewController.swift */; };
		F53EA2AD1DCAA8110071ACFD /* Main.storyboard in Resources */ = {isa = PBXBuildFile; fileRef = F53EA2AC1DCAA8110071ACFD /* Main.storyboard */; };
		F53EA2AF1DCAAA170071ACFD /* EditViewController.swift in Sources */ = {isa = PBXBuildFile; fileRef = F53EA2AE1DCAAA170071ACFD /* EditViewController.swift */; };
		F5BDBF371DCA9D2C0042430B /* Document.swift in Sources */ = {isa = PBXBuildFile; fileRef = F5BDBF361DCA9D2C0042430B /* Document.swift */; };
/* End PBXBuildFile section */

/* Begin PBXContainerItemProxy section */
		0C53411021B746AA004A9550 /* PBXContainerItemProxy */ = {
			isa = PBXContainerItemProxy;
			containerPortal = AE499DC41C82BB2B002D68AF /* Project object */;
			proxyType = 1;
			remoteGlobalIDString = 0C62058C21B63B8E00A9758F;
			remoteInfo = XiCliCore;
		};
		0C53411521B7475F004A9550 /* PBXContainerItemProxy */ = {
			isa = PBXContainerItemProxy;
			containerPortal = AE499DC41C82BB2B002D68AF /* Project object */;
			proxyType = 1;
			remoteGlobalIDString = 0C62058C21B63B8E00A9758F;
			remoteInfo = XiCliCore;
		};
		0C53411821B7816B004A9550 /* PBXContainerItemProxy */ = {
			isa = PBXContainerItemProxy;
			containerPortal = AE499DC41C82BB2B002D68AF /* Project object */;
			proxyType = 1;
			remoteGlobalIDString = 0C66CB2A218F5CDB00F6F899;
			remoteInfo = XiCli;
		};
		AE499DDC1C82BB2B002D68AF /* PBXContainerItemProxy */ = {
			isa = PBXContainerItemProxy;
			containerPortal = AE499DC41C82BB2B002D68AF /* Project object */;
			proxyType = 1;
			remoteGlobalIDString = AE499DCB1C82BB2B002D68AF;
			remoteInfo = XiEditor;
		};
		AE499DE71C82BB2B002D68AF /* PBXContainerItemProxy */ = {
			isa = PBXContainerItemProxy;
			containerPortal = AE499DC41C82BB2B002D68AF /* Project object */;
			proxyType = 1;
			remoteGlobalIDString = AE499DCB1C82BB2B002D68AF;
			remoteInfo = XiEditor;
		};
		D023DA041CD072400087EC0A /* PBXContainerItemProxy */ = {
			isa = PBXContainerItemProxy;
			containerPortal = AE499DC41C82BB2B002D68AF /* Project object */;
			proxyType = 1;
			remoteGlobalIDString = D023D9FE1CD0715E0087EC0A;
			remoteInfo = xicore;
		};
/* End PBXContainerItemProxy section */

/* Begin PBXCopyFilesBuildPhase section */
		0C41645A21B24B6100FBA8B1 /* CopyFiles */ = {
			isa = PBXCopyFilesBuildPhase;
			buildActionMask = 12;
			dstPath = "";
			dstSubfolderSpec = 10;
			files = (
			);
			runOnlyForDeploymentPostprocessing = 0;
		};
/* End PBXCopyFilesBuildPhase section */

/* Begin PBXFileReference section */
		0C1F5B2921B5EFA300B7CE15 /* Arguments.swift */ = {isa = PBXFileReference; lastKnownFileType = sourcecode.swift; path = Arguments.swift; sourceTree = "<group>"; };
		0C4460AE21895F980035E3C1 /* Package.swift */ = {isa = PBXFileReference; lastKnownFileType = sourcecode.swift; path = Package.swift; sourceTree = "<group>"; };
		0C53410A21B746AA004A9550 /* XiCliCoreTests.xctest */ = {isa = PBXFileReference; explicitFileType = wrapper.cfbundle; includeInIndex = 0; path = XiCliCoreTests.xctest; sourceTree = BUILT_PRODUCTS_DIR; };
		0C53410C21B746AA004A9550 /* XiCliCoreTests.swift */ = {isa = PBXFileReference; lastKnownFileType = sourcecode.swift; path = XiCliCoreTests.swift; sourceTree = "<group>"; };
		0C53410E21B746AA004A9550 /* Info.plist */ = {isa = PBXFileReference; lastKnownFileType = text.plist.xml; path = Info.plist; sourceTree = "<group>"; };
		0C62058D21B63B8E00A9758F /* libXiCliCore.a */ = {isa = PBXFileReference; explicitFileType = archive.ar; includeInIndex = 0; path = libXiCliCore.a; sourceTree = BUILT_PRODUCTS_DIR; };
		0C66CB2B218F5CDB00F6F899 /* XiCli */ = {isa = PBXFileReference; explicitFileType = "compiled.mach-o.executable"; includeInIndex = 0; path = XiCli; sourceTree = BUILT_PRODUCTS_DIR; };
		0C66CB2D218F5CDB00F6F899 /* main.swift */ = {isa = PBXFileReference; lastKnownFileType = sourcecode.swift; path = main.swift; sourceTree = "<group>"; };
		0C66CB34218F5DF100F6F899 /* Info.plist */ = {isa = PBXFileReference; fileEncoding = 4; lastKnownFileType = text.plist.xml; path = Info.plist; sourceTree = "<group>"; };
		0C66CB36218F5E8A00F6F899 /* CommandLineTool.swift */ = {isa = PBXFileReference; lastKnownFileType = sourcecode.swift; path = CommandLineTool.swift; sourceTree = "<group>"; };
		28F1ED491EC4C735008839BE /* Search.swift */ = {isa = PBXFileReference; fileEncoding = 4; lastKnownFileType = sourcecode.swift; path = Search.swift; sourceTree = "<group>"; };
		4DC153D22165202B000EB215 /* XiWindowController.swift */ = {isa = PBXFileReference; lastKnownFileType = sourcecode.swift; path = XiWindowController.swift; sourceTree = "<group>"; };
		4DCB4AEF20576A6E00476F75 /* fonts */ = {isa = PBXFileReference; lastKnownFileType = folder; path = fonts; sourceTree = "<group>"; };
		6038770620057B4500AABF17 /* XiDocumentController.swift */ = {isa = PBXFileReference; lastKnownFileType = sourcecode.swift; path = XiDocumentController.swift; sourceTree = "<group>"; };
		6057C52421A07F1900F6BD47 /* LoggingUtilities.swift */ = {isa = PBXFileReference; lastKnownFileType = sourcecode.swift; path = LoggingUtilities.swift; sourceTree = "<group>"; };
		6083722E2058597B00E9CF5D /* ShadowView.swift */ = {isa = PBXFileReference; lastKnownFileType = sourcecode.swift; path = ShadowView.swift; sourceTree = "<group>"; };
		6B0C298A2033C39500EA07AF /* XiWindow.swift */ = {isa = PBXFileReference; lastKnownFileType = sourcecode.swift; path = XiWindow.swift; sourceTree = "<group>"; };
		6B0DCDD51E832101007C14A3 /* EditContainerView.swift */ = {isa = PBXFileReference; fileEncoding = 4; lastKnownFileType = sourcecode.swift; lineEnding = 0; path = EditContainerView.swift; sourceTree = "<group>"; xcLanguageSpecificationIdentifier = xcode.lang.swift; };
		6B1D390F1FC53F5C008CCA35 /* client_example.toml */ = {isa = PBXFileReference; fileEncoding = 4; lastKnownFileType = text; name = client_example.toml; path = "xi-editor/rust/core-lib/assets/client_example.toml"; sourceTree = "<group>"; };
		6B53F5F11EF963EB00A4C664 /* Theme.swift */ = {isa = PBXFileReference; fileEncoding = 4; lastKnownFileType = sourcecode.swift; path = Theme.swift; sourceTree = "<group>"; };
		6B90DD1B1F129C1A00DF3CE2 /* PluginCommand.swift */ = {isa = PBXFileReference; fileEncoding = 4; lastKnownFileType = sourcecode.swift; path = PluginCommand.swift; sourceTree = "<group>"; };
		6B90DD211F14110B00DF3CE2 /* UserInputPromptController.swift */ = {isa = PBXFileReference; fileEncoding = 4; lastKnownFileType = sourcecode.swift; path = UserInputPromptController.swift; sourceTree = "<group>"; };
		6BA1873A1FDDD7B6008220DA /* XiClipView.swift */ = {isa = PBXFileReference; lastKnownFileType = sourcecode.swift; path = XiClipView.swift; sourceTree = "<group>"; };
		6BF9575A1FD70C420010BAE6 /* Client.swift */ = {isa = PBXFileReference; lastKnownFileType = sourcecode.swift; path = Client.swift; sourceTree = "<group>"; };
		832910D820229C2D0042C32B /* Fps.swift */ = {isa = PBXFileReference; lastKnownFileType = sourcecode.swift; path = Fps.swift; sourceTree = "<group>"; };
		95FD9934218689A500C32AF1 /* MarkerBar.swift */ = {isa = PBXFileReference; lastKnownFileType = sourcecode.swift; path = MarkerBar.swift; sourceTree = "<group>"; };
		AE0243F51E4BDF8A00641BDA /* StyleMap.swift */ = {isa = PBXFileReference; fileEncoding = 4; lastKnownFileType = sourcecode.swift; path = StyleMap.swift; sourceTree = "<group>"; };
		AE041B971D4323460069AB8B /* build-rust-xcode.sh */ = {isa = PBXFileReference; fileEncoding = 4; lastKnownFileType = text.script.sh; path = "build-rust-xcode.sh"; sourceTree = "<group>"; };
		AE041BA51D4327EB0069AB8B /* plugins */ = {isa = PBXFileReference; lastKnownFileType = text; path = plugins; sourceTree = BUILT_PRODUCTS_DIR; };
		AE168C5B1E4AD87B008249AE /* LineCache.swift */ = {isa = PBXFileReference; fileEncoding = 4; lastKnownFileType = sourcecode.swift; path = LineCache.swift; sourceTree = "<group>"; };
		AE228F5C1C897CE7000E9B0F /* xi-core */ = {isa = PBXFileReference; lastKnownFileType = text; path = "xi-core"; sourceTree = BUILT_PRODUCTS_DIR; };
		AE499DCC1C82BB2B002D68AF /* XiEditor.app */ = {isa = PBXFileReference; explicitFileType = wrapper.application; includeInIndex = 0; path = XiEditor.app; sourceTree = BUILT_PRODUCTS_DIR; };
		AE499DCF1C82BB2B002D68AF /* AppDelegate.swift */ = {isa = PBXFileReference; lastKnownFileType = sourcecode.swift; path = AppDelegate.swift; sourceTree = "<group>"; };
		AE499DD11C82BB2B002D68AF /* Assets.xcassets */ = {isa = PBXFileReference; lastKnownFileType = folder.assetcatalog; path = Assets.xcassets; sourceTree = "<group>"; };
		AE499DD61C82BB2B002D68AF /* Info.plist */ = {isa = PBXFileReference; lastKnownFileType = text.plist.xml; path = Info.plist; sourceTree = "<group>"; };
		AE499DDB1C82BB2B002D68AF /* XiEditorTests.xctest */ = {isa = PBXFileReference; explicitFileType = wrapper.cfbundle; includeInIndex = 0; path = XiEditorTests.xctest; sourceTree = BUILT_PRODUCTS_DIR; };
		AE499DDF1C82BB2B002D68AF /* XiEditorTests.swift */ = {isa = PBXFileReference; lastKnownFileType = sourcecode.swift; path = XiEditorTests.swift; sourceTree = "<group>"; };
		AE499DE11C82BB2B002D68AF /* Info.plist */ = {isa = PBXFileReference; lastKnownFileType = text.plist.xml; path = Info.plist; sourceTree = "<group>"; };
		AE499DE61C82BB2B002D68AF /* XiEditorUITests.xctest */ = {isa = PBXFileReference; explicitFileType = wrapper.cfbundle; includeInIndex = 0; path = XiEditorUITests.xctest; sourceTree = BUILT_PRODUCTS_DIR; };
		AE499DEA1C82BB2B002D68AF /* XiEditorUITests.swift */ = {isa = PBXFileReference; lastKnownFileType = sourcecode.swift; path = XiEditorUITests.swift; sourceTree = "<group>"; };
		AE499DEC1C82BB2B002D68AF /* Info.plist */ = {isa = PBXFileReference; lastKnownFileType = text.plist.xml; path = Info.plist; sourceTree = "<group>"; };
		AE499DF81C82C835002D68AF /* RPCSending.swift */ = {isa = PBXFileReference; fileEncoding = 4; lastKnownFileType = sourcecode.swift; path = RPCSending.swift; sourceTree = "<group>"; };
		AEC4F6B21FF5AF130060E10E /* UnfairLock.swift */ = {isa = PBXFileReference; lastKnownFileType = sourcecode.swift; path = UnfairLock.swift; sourceTree = "<group>"; };
		AEC4F6C91FFB02F10060E10E /* Trace.swift */ = {isa = PBXFileReference; lastKnownFileType = sourcecode.swift; path = Trace.swift; sourceTree = "<group>"; };
		AED22D751FE836880096E7C3 /* TextPlane.swift */ = {isa = PBXFileReference; lastKnownFileType = sourcecode.swift; path = TextPlane.swift; sourceTree = "<group>"; };
		AED22D771FE8404D0096E7C3 /* Renderer.swift */ = {isa = PBXFileReference; lastKnownFileType = sourcecode.swift; path = Renderer.swift; sourceTree = "<group>"; };
		AED22D791FE8418A0096E7C3 /* Atlas.swift */ = {isa = PBXFileReference; lastKnownFileType = sourcecode.swift; path = Atlas.swift; sourceTree = "<group>"; };
		AED22D7B1FE8428D0096E7C3 /* ShaderProgram.swift */ = {isa = PBXFileReference; lastKnownFileType = sourcecode.swift; path = ShaderProgram.swift; sourceTree = "<group>"; };
		AED22D7D1FE84B4B0096E7C3 /* solid.f.glsl */ = {isa = PBXFileReference; fileEncoding = 4; lastKnownFileType = text; path = solid.f.glsl; sourceTree = "<group>"; };
		AED22D7E1FE84B4B0096E7C3 /* solid.v.glsl */ = {isa = PBXFileReference; fileEncoding = 4; lastKnownFileType = text; path = solid.v.glsl; sourceTree = "<group>"; };
		AED22D7F1FE84B4B0096E7C3 /* text.v.glsl */ = {isa = PBXFileReference; fileEncoding = 4; lastKnownFileType = text; path = text.v.glsl; sourceTree = "<group>"; };
		AED22D801FE84B4B0096E7C3 /* text.f.glsl */ = {isa = PBXFileReference; fileEncoding = 4; lastKnownFileType = text; path = text.f.glsl; sourceTree = "<group>"; };
		AED22D851FE877000096E7C3 /* TextLine.swift */ = {isa = PBXFileReference; lastKnownFileType = sourcecode.swift; path = TextLine.swift; sourceTree = "<group>"; };
		AED23F171C83CBEC002246CE /* EditView.swift */ = {isa = PBXFileReference; fileEncoding = 4; lastKnownFileType = sourcecode.swift; path = EditView.swift; sourceTree = "<group>"; };
		D810EA5121BB291D00EABB21 /* ClientImplementation.swift */ = {isa = PBXFileReference; lastKnownFileType = sourcecode.swift; path = ClientImplementation.swift; sourceTree = "<group>"; };
		D8D319EF218CB39A00D108D4 /* XiCore.swift */ = {isa = PBXFileReference; lastKnownFileType = sourcecode.swift; path = XiCore.swift; sourceTree = "<group>"; };
		D8D319F1218CBCD100D108D4 /* XiCoreTests.swift */ = {isa = PBXFileReference; lastKnownFileType = sourcecode.swift; path = XiCoreTests.swift; sourceTree = "<group>"; };
		E1288E7F20B06E9C0068EEB9 /* StatusBar.swift */ = {isa = PBXFileReference; lastKnownFileType = sourcecode.swift; path = StatusBar.swift; sourceTree = "<group>"; };
		E16BB89720FE42A600A0D7A1 /* HoverViewController.swift */ = {isa = PBXFileReference; fileEncoding = 4; lastKnownFileType = sourcecode.swift; path = HoverViewController.swift; sourceTree = "<group>"; };
		F53EA2AC1DCAA8110071ACFD /* Main.storyboard */ = {isa = PBXFileReference; fileEncoding = 4; lastKnownFileType = file.storyboard; path = Main.storyboard; sourceTree = "<group>"; };
		F53EA2AE1DCAAA170071ACFD /* EditViewController.swift */ = {isa = PBXFileReference; fileEncoding = 4; lastKnownFileType = sourcecode.swift; lineEnding = 0; path = EditViewController.swift; sourceTree = "<group>"; xcLanguageSpecificationIdentifier = xcode.lang.swift; };
		F5BDBF361DCA9D2C0042430B /* Document.swift */ = {isa = PBXFileReference; fileEncoding = 4; lastKnownFileType = sourcecode.swift; path = Document.swift; sourceTree = "<group>"; };
/* End PBXFileReference section */

/* Begin PBXFrameworksBuildPhase section */
		0C53410721B746AA004A9550 /* Frameworks */ = {
			isa = PBXFrameworksBuildPhase;
			buildActionMask = 2147483647;
			files = (
				0C53410F21B746AA004A9550 /* libXiCliCore.a in Frameworks */,
			);
			runOnlyForDeploymentPostprocessing = 0;
		};
		0C62058B21B63B8E00A9758F /* Frameworks */ = {
			isa = PBXFrameworksBuildPhase;
			buildActionMask = 2147483647;
			files = (
			);
			runOnlyForDeploymentPostprocessing = 0;
		};
		0C66CB28218F5CDB00F6F899 /* Frameworks */ = {
			isa = PBXFrameworksBuildPhase;
			buildActionMask = 2147483647;
			files = (
				0C62059821B63C0900A9758F /* libXiCliCore.a in Frameworks */,
			);
			runOnlyForDeploymentPostprocessing = 0;
		};
		AE499DC91C82BB2B002D68AF /* Frameworks */ = {
			isa = PBXFrameworksBuildPhase;
			buildActionMask = 2147483647;
			files = (
			);
			runOnlyForDeploymentPostprocessing = 0;
		};
		AE499DD81C82BB2B002D68AF /* Frameworks */ = {
			isa = PBXFrameworksBuildPhase;
			buildActionMask = 2147483647;
			files = (
			);
			runOnlyForDeploymentPostprocessing = 0;
		};
		AE499DE31C82BB2B002D68AF /* Frameworks */ = {
			isa = PBXFrameworksBuildPhase;
			buildActionMask = 2147483647;
			files = (
			);
			runOnlyForDeploymentPostprocessing = 0;
		};
/* End PBXFrameworksBuildPhase section */

/* Begin PBXGroup section */
		0C4460AC218955400035E3C1 /* Sources */ = {
			isa = PBXGroup;
			children = (
				AE499DCE1C82BB2B002D68AF /* XiEditor */,
				0C66CB2C218F5CDB00F6F899 /* XiCli */,
				0C62058E21B63B8E00A9758F /* XiCliCore */,
			);
			path = Sources;
			sourceTree = "<group>";
		};
		0C4460AD218955700035E3C1 /* Tests */ = {
			isa = PBXGroup;
			children = (
				AE499DDE1C82BB2B002D68AF /* XiEditorTests */,
				AE499DE91C82BB2B002D68AF /* XiEditorUITests */,
				0C53410B21B746AA004A9550 /* XiCliCoreTests */,
			);
			path = Tests;
			sourceTree = "<group>";
		};
		0C53410B21B746AA004A9550 /* XiCliCoreTests */ = {
			isa = PBXGroup;
			children = (
				0C53410C21B746AA004A9550 /* XiCliCoreTests.swift */,
				0C53410E21B746AA004A9550 /* Info.plist */,
			);
			path = XiCliCoreTests;
			sourceTree = "<group>";
		};
		0C62058E21B63B8E00A9758F /* XiCliCore */ = {
			isa = PBXGroup;
			children = (
				0C66CB36218F5E8A00F6F899 /* CommandLineTool.swift */,
				0C1F5B2921B5EFA300B7CE15 /* Arguments.swift */,
			);
			path = XiCliCore;
			sourceTree = "<group>";
		};
		0C66CB2C218F5CDB00F6F899 /* XiCli */ = {
			isa = PBXGroup;
			children = (
				0C66CB2D218F5CDB00F6F899 /* main.swift */,
				0C66CB34218F5DF100F6F899 /* Info.plist */,
			);
			path = XiCli;
			sourceTree = "<group>";
		};
		AE499DC31C82BB2B002D68AF = {
			isa = PBXGroup;
			children = (
				0C4460AE21895F980035E3C1 /* Package.swift */,
				0C4460AC218955400035E3C1 /* Sources */,
				0C4460AD218955700035E3C1 /* Tests */,
				4DCB4AEF20576A6E00476F75 /* fonts */,
				D023DA021CD071B40087EC0A /* xicore */,
				AE499DCD1C82BB2B002D68AF /* Products */,
			);
			sourceTree = "<group>";
		};
		AE499DCD1C82BB2B002D68AF /* Products */ = {
			isa = PBXGroup;
			children = (
				AE499DCC1C82BB2B002D68AF /* XiEditor.app */,
				AE499DDB1C82BB2B002D68AF /* XiEditorTests.xctest */,
				AE499DE61C82BB2B002D68AF /* XiEditorUITests.xctest */,
				0C66CB2B218F5CDB00F6F899 /* XiCli */,
				0C62058D21B63B8E00A9758F /* libXiCliCore.a */,
				0C53410A21B746AA004A9550 /* XiCliCoreTests.xctest */,
			);
			name = Products;
			sourceTree = "<group>";
		};
		AE499DCE1C82BB2B002D68AF /* XiEditor */ = {
			isa = PBXGroup;
			children = (
				AED22D741FE8366D0096E7C3 /* XiTextPlane */,
				6BA1873A1FDDD7B6008220DA /* XiClipView.swift */,
				6083722E2058597B00E9CF5D /* ShadowView.swift */,
				6038770620057B4500AABF17 /* XiDocumentController.swift */,
				6B0C298A2033C39500EA07AF /* XiWindow.swift */,
				4DC153D22165202B000EB215 /* XiWindowController.swift */,
				F53EA2AE1DCAAA170071ACFD /* EditViewController.swift */,
				6B0DCDD51E832101007C14A3 /* EditContainerView.swift */,
				AE499DCF1C82BB2B002D68AF /* AppDelegate.swift */,
				6BF9575A1FD70C420010BAE6 /* Client.swift */,
				AED23F171C83CBEC002246CE /* EditView.swift */,
				AE499DF81C82C835002D68AF /* RPCSending.swift */,
				D8D319EF218CB39A00D108D4 /* XiCore.swift */,
				F5BDBF361DCA9D2C0042430B /* Document.swift */,
				AE168C5B1E4AD87B008249AE /* LineCache.swift */,
				AE0243F51E4BDF8A00641BDA /* StyleMap.swift */,
				AEC4F6B21FF5AF130060E10E /* UnfairLock.swift */,
				6057C52421A07F1900F6BD47 /* LoggingUtilities.swift */,
				AEC4F6C91FFB02F10060E10E /* Trace.swift */,
				6B90DD1B1F129C1A00DF3CE2 /* PluginCommand.swift */,
				6B53F5F11EF963EB00A4C664 /* Theme.swift */,
				6B90DD211F14110B00DF3CE2 /* UserInputPromptController.swift */,
				28F1ED491EC4C735008839BE /* Search.swift */,
				E1288E7F20B06E9C0068EEB9 /* StatusBar.swift */,
				832910D820229C2D0042C32B /* Fps.swift */,
				E16BB89720FE42A600A0D7A1 /* HoverViewController.swift */,
				AE499DD61C82BB2B002D68AF /* Info.plist */,
				F53EA2AC1DCAA8110071ACFD /* Main.storyboard */,
				AE499DD11C82BB2B002D68AF /* Assets.xcassets */,
				D810EA5121BB291D00EABB21 /* ClientImplementation.swift */,
				95FD9934218689A500C32AF1 /* MarkerBar.swift */,
			);
			path = XiEditor;
			sourceTree = "<group>";
		};
		AE499DDE1C82BB2B002D68AF /* XiEditorTests */ = {
			isa = PBXGroup;
			children = (
				D8D319F1218CBCD100D108D4 /* XiCoreTests.swift */,
				AE499DDF1C82BB2B002D68AF /* XiEditorTests.swift */,
				AE499DE11C82BB2B002D68AF /* Info.plist */,
			);
			path = XiEditorTests;
			sourceTree = "<group>";
		};
		AE499DE91C82BB2B002D68AF /* XiEditorUITests */ = {
			isa = PBXGroup;
			children = (
				AE499DEA1C82BB2B002D68AF /* XiEditorUITests.swift */,
				AE499DEC1C82BB2B002D68AF /* Info.plist */,
			);
			path = XiEditorUITests;
			sourceTree = "<group>";
		};
		AED22D741FE8366D0096E7C3 /* XiTextPlane */ = {
			isa = PBXGroup;
			children = (
				AED22D7D1FE84B4B0096E7C3 /* solid.f.glsl */,
				AED22D7E1FE84B4B0096E7C3 /* solid.v.glsl */,
				AED22D801FE84B4B0096E7C3 /* text.f.glsl */,
				AED22D7F1FE84B4B0096E7C3 /* text.v.glsl */,
				AED22D751FE836880096E7C3 /* TextPlane.swift */,
				AED22D771FE8404D0096E7C3 /* Renderer.swift */,
				AED22D791FE8418A0096E7C3 /* Atlas.swift */,
				AED22D7B1FE8428D0096E7C3 /* ShaderProgram.swift */,
				AED22D851FE877000096E7C3 /* TextLine.swift */,
			);
			path = XiTextPlane;
			sourceTree = "<group>";
		};
		D023DA021CD071B40087EC0A /* xicore */ = {
			isa = PBXGroup;
			children = (
				6B1D390F1FC53F5C008CCA35 /* client_example.toml */,
				AE041B971D4323460069AB8B /* build-rust-xcode.sh */,
				AE228F5C1C897CE7000E9B0F /* xi-core */,
				AE041BA51D4327EB0069AB8B /* plugins */,
			);
			name = xicore;
			sourceTree = "<group>";
		};
/* End PBXGroup section */

/* Begin PBXLegacyTarget section */
		D023D9FE1CD0715E0087EC0A /* XiCore */ = {
			isa = PBXLegacyTarget;
			buildArgumentsString = "\"$(SRCROOT)/build-rust-xcode.sh\"";
			buildConfigurationList = D023DA011CD0715E0087EC0A /* Build configuration list for PBXLegacyTarget "XiCore" */;
			buildPhases = (
			);
			buildToolPath = /bin/bash;
			buildWorkingDirectory = "xi-editor/rust";
			dependencies = (
			);
			name = XiCore;
			passBuildSettingsInEnvironment = 1;
			productName = xicore;
		};
/* End PBXLegacyTarget section */

/* Begin PBXNativeTarget section */
		0C53410921B746AA004A9550 /* XiCliCoreTests */ = {
			isa = PBXNativeTarget;
			buildConfigurationList = 0C53411221B746AA004A9550 /* Build configuration list for PBXNativeTarget "XiCliCoreTests" */;
			buildPhases = (
				0C53410621B746AA004A9550 /* Sources */,
				0C53410721B746AA004A9550 /* Frameworks */,
				0C53410821B746AA004A9550 /* Resources */,
			);
			buildRules = (
			);
			dependencies = (
				0C53411121B746AA004A9550 /* PBXTargetDependency */,
			);
			name = XiCliCoreTests;
			productName = XiCliCoreTests;
			productReference = 0C53410A21B746AA004A9550 /* XiCliCoreTests.xctest */;
			productType = "com.apple.product-type.bundle.unit-test";
		};
		0C62058C21B63B8E00A9758F /* XiCliCore */ = {
			isa = PBXNativeTarget;
			buildConfigurationList = 0C62059321B63B8E00A9758F /* Build configuration list for PBXNativeTarget "XiCliCore" */;
			buildPhases = (
				0C62058A21B63B8E00A9758F /* Sources */,
				0C62058B21B63B8E00A9758F /* Frameworks */,
			);
			buildRules = (
			);
			dependencies = (
			);
			name = XiCliCore;
			productName = XiCliCore;
			productReference = 0C62058D21B63B8E00A9758F /* libXiCliCore.a */;
			productType = "com.apple.product-type.library.static";
		};
		0C66CB2A218F5CDB00F6F899 /* XiCli */ = {
			isa = PBXNativeTarget;
			buildConfigurationList = 0C66CB31218F5CDB00F6F899 /* Build configuration list for PBXNativeTarget "XiCli" */;
			buildPhases = (
				0C66CB27218F5CDB00F6F899 /* Sources */,
				0C66CB28218F5CDB00F6F899 /* Frameworks */,
				0C41645A21B24B6100FBA8B1 /* CopyFiles */,
			);
			buildRules = (
			);
			dependencies = (
				0C53411621B7475F004A9550 /* PBXTargetDependency */,
			);
			name = XiCli;
			productName = XiCLI;
			productReference = 0C66CB2B218F5CDB00F6F899 /* XiCli */;
			productType = "com.apple.product-type.tool";
		};
		AE499DCB1C82BB2B002D68AF /* XiEditor */ = {
			isa = PBXNativeTarget;
			buildConfigurationList = AE499DEF1C82BB2B002D68AF /* Build configuration list for PBXNativeTarget "XiEditor" */;
			buildPhases = (
				AE499DC81C82BB2B002D68AF /* Sources */,
				AE499DC91C82BB2B002D68AF /* Frameworks */,
				AE499DCA1C82BB2B002D68AF /* Resources */,
			);
			buildRules = (
			);
			dependencies = (
				0C53411921B7816B004A9550 /* PBXTargetDependency */,
				D023DA051CD072400087EC0A /* PBXTargetDependency */,
			);
			name = XiEditor;
			productName = XiEditor;
			productReference = AE499DCC1C82BB2B002D68AF /* XiEditor.app */;
			productType = "com.apple.product-type.application";
		};
		AE499DDA1C82BB2B002D68AF /* XiEditorTests */ = {
			isa = PBXNativeTarget;
			buildConfigurationList = AE499DF21C82BB2B002D68AF /* Build configuration list for PBXNativeTarget "XiEditorTests" */;
			buildPhases = (
				AE499DD71C82BB2B002D68AF /* Sources */,
				AE499DD81C82BB2B002D68AF /* Frameworks */,
				AE499DD91C82BB2B002D68AF /* Resources */,
			);
			buildRules = (
			);
			dependencies = (
				AE499DDD1C82BB2B002D68AF /* PBXTargetDependency */,
			);
			name = XiEditorTests;
			productName = XiEditorTests;
			productReference = AE499DDB1C82BB2B002D68AF /* XiEditorTests.xctest */;
			productType = "com.apple.product-type.bundle.unit-test";
		};
		AE499DE51C82BB2B002D68AF /* XiEditorUITests */ = {
			isa = PBXNativeTarget;
			buildConfigurationList = AE499DF51C82BB2B002D68AF /* Build configuration list for PBXNativeTarget "XiEditorUITests" */;
			buildPhases = (
				AE499DE21C82BB2B002D68AF /* Sources */,
				AE499DE31C82BB2B002D68AF /* Frameworks */,
				AE499DE41C82BB2B002D68AF /* Resources */,
			);
			buildRules = (
			);
			dependencies = (
				AE499DE81C82BB2B002D68AF /* PBXTargetDependency */,
			);
			name = XiEditorUITests;
			productName = XiEditorUITests;
			productReference = AE499DE61C82BB2B002D68AF /* XiEditorUITests.xctest */;
			productType = "com.apple.product-type.bundle.ui-testing";
		};
/* End PBXNativeTarget section */

/* Begin PBXProject section */
		AE499DC41C82BB2B002D68AF /* Project object */ = {
			isa = PBXProject;
			attributes = {
				LastSwiftUpdateCheck = 1010;
				LastUpgradeCheck = 0940;
				ORGANIZATIONNAME = "xi-editor";
				TargetAttributes = {
					0C53410921B746AA004A9550 = {
						CreatedOnToolsVersion = 10.1;
						ProvisioningStyle = Automatic;
					};
					0C62058C21B63B8E00A9758F = {
						CreatedOnToolsVersion = 10.1;
						ProvisioningStyle = Automatic;
					};
					0C66CB2A218F5CDB00F6F899 = {
						CreatedOnToolsVersion = 10.1;
						ProvisioningStyle = Manual;
					};
					AE499DCB1C82BB2B002D68AF = {
						CreatedOnToolsVersion = 7.2;
						LastSwiftMigration = 0900;
					};
					AE499DDA1C82BB2B002D68AF = {
						CreatedOnToolsVersion = 7.2;
						LastSwiftMigration = 1010;
						TestTargetID = AE499DCB1C82BB2B002D68AF;
					};
					AE499DE51C82BB2B002D68AF = {
						CreatedOnToolsVersion = 7.2;
						LastSwiftMigration = 1010;
						TestTargetID = AE499DCB1C82BB2B002D68AF;
					};
					D023D9FE1CD0715E0087EC0A = {
						CreatedOnToolsVersion = 7.3;
					};
				};
			};
			buildConfigurationList = AE499DC71C82BB2B002D68AF /* Build configuration list for PBXProject "XiEditor" */;
			compatibilityVersion = "Xcode 3.2";
			developmentRegion = English;
			hasScannedForEncodings = 0;
			knownRegions = (
				en,
				Base,
			);
			mainGroup = AE499DC31C82BB2B002D68AF;
			productRefGroup = AE499DCD1C82BB2B002D68AF /* Products */;
			projectDirPath = "";
			projectRoot = "";
			targets = (
				AE499DCB1C82BB2B002D68AF /* XiEditor */,
				D023D9FE1CD0715E0087EC0A /* XiCore */,
				0C66CB2A218F5CDB00F6F899 /* XiCli */,
				0C62058C21B63B8E00A9758F /* XiCliCore */,
				AE499DDA1C82BB2B002D68AF /* XiEditorTests */,
				AE499DE51C82BB2B002D68AF /* XiEditorUITests */,
				0C53410921B746AA004A9550 /* XiCliCoreTests */,
			);
		};
/* End PBXProject section */

/* Begin PBXResourcesBuildPhase section */
		0C53410821B746AA004A9550 /* Resources */ = {
			isa = PBXResourcesBuildPhase;
			buildActionMask = 2147483647;
			files = (
			);
			runOnlyForDeploymentPostprocessing = 0;
		};
		AE499DCA1C82BB2B002D68AF /* Resources */ = {
			isa = PBXResourcesBuildPhase;
			buildActionMask = 2147483647;
			files = (
				0C53411A21B786F3004A9550 /* XiCli in Resources */,
				4DCB4AF020576A6F00476F75 /* fonts in Resources */,
				F53EA2AD1DCAA8110071ACFD /* Main.storyboard in Resources */,
				AE228F5D1C897CE7000E9B0F /* xi-core in Resources */,
				AED22D841FE84B4B0096E7C3 /* text.f.glsl in Resources */,
				6B1D39101FC53F5C008CCA35 /* client_example.toml in Resources */,
				AED22D811FE84B4B0096E7C3 /* solid.f.glsl in Resources */,
				AED22D831FE84B4B0096E7C3 /* text.v.glsl in Resources */,
				AED22D821FE84B4B0096E7C3 /* solid.v.glsl in Resources */,
				AE041BA61D4327EB0069AB8B /* plugins in Resources */,
				AE499DD21C82BB2B002D68AF /* Assets.xcassets in Resources */,
			);
			runOnlyForDeploymentPostprocessing = 0;
		};
		AE499DD91C82BB2B002D68AF /* Resources */ = {
			isa = PBXResourcesBuildPhase;
			buildActionMask = 2147483647;
			files = (
			);
			runOnlyForDeploymentPostprocessing = 0;
		};
		AE499DE41C82BB2B002D68AF /* Resources */ = {
			isa = PBXResourcesBuildPhase;
			buildActionMask = 2147483647;
			files = (
			);
			runOnlyForDeploymentPostprocessing = 0;
		};
/* End PBXResourcesBuildPhase section */

/* Begin PBXSourcesBuildPhase section */
		0C53410621B746AA004A9550 /* Sources */ = {
			isa = PBXSourcesBuildPhase;
			buildActionMask = 2147483647;
			files = (
				0C53410D21B746AA004A9550 /* XiCliCoreTests.swift in Sources */,
			);
			runOnlyForDeploymentPostprocessing = 0;
		};
		0C62058A21B63B8E00A9758F /* Sources */ = {
			isa = PBXSourcesBuildPhase;
			buildActionMask = 2147483647;
			files = (
				0C62059721B63BAE00A9758F /* Arguments.swift in Sources */,
				0C62059621B63BAB00A9758F /* CommandLineTool.swift in Sources */,
			);
			runOnlyForDeploymentPostprocessing = 0;
		};
		0C66CB27218F5CDB00F6F899 /* Sources */ = {
			isa = PBXSourcesBuildPhase;
			buildActionMask = 2147483647;
			files = (
				0C66CB2E218F5CDB00F6F899 /* main.swift in Sources */,
			);
			runOnlyForDeploymentPostprocessing = 0;
		};
		AE499DC81C82BB2B002D68AF /* Sources */ = {
			isa = PBXSourcesBuildPhase;
			buildActionMask = 2147483647;
			files = (
				F53EA2AF1DCAAA170071ACFD /* EditViewController.swift in Sources */,
				4DC153D32165202B000EB215 /* XiWindowController.swift in Sources */,
				AED22D7C1FE8428D0096E7C3 /* ShaderProgram.swift in Sources */,
				AED22D861FE877000096E7C3 /* TextLine.swift in Sources */,
				6B0DCDD61E832101007C14A3 /* EditContainerView.swift in Sources */,
				AE0243F61E4BDF8A00641BDA /* StyleMap.swift in Sources */,
				AED22D761FE836880096E7C3 /* TextPlane.swift in Sources */,
				AE168C5C1E4AD87B008249AE /* LineCache.swift in Sources */,
				E16BB89820FE42A700A0D7A1 /* HoverViewController.swift in Sources */,
				6B90DD1C1F129C1A00DF3CE2 /* PluginCommand.swift in Sources */,
				6B53F5F21EF963EB00A4C664 /* Theme.swift in Sources */,
				AE499DF91C82C835002D68AF /* RPCSending.swift in Sources */,
				6083722F2058597B00E9CF5D /* ShadowView.swift in Sources */,
				E1288E8020B06E9C0068EEB9 /* StatusBar.swift in Sources */,
				AEC4F6CA1FFB02F10060E10E /* Trace.swift in Sources */,
				6BF9575B1FD70C420010BAE6 /* Client.swift in Sources */,
				AED23F181C83CBED002246CE /* EditView.swift in Sources */,
				D8D319F0218CB39A00D108D4 /* XiCore.swift in Sources */,
				AE499DD01C82BB2B002D68AF /* AppDelegate.swift in Sources */,
				AEC4F6B31FF5AF130060E10E /* UnfairLock.swift in Sources */,
				95FD9935218689A500C32AF1 /* MarkerBar.swift in Sources */,
				28F1ED4A1EC4C735008839BE /* Search.swift in Sources */,
				F5BDBF371DCA9D2C0042430B /* Document.swift in Sources */,
				6B0C298B2033C39500EA07AF /* XiWindow.swift in Sources */,
				6038770720057B4500AABF17 /* XiDocumentController.swift in Sources */,
				6B90DD221F14110B00DF3CE2 /* UserInputPromptController.swift in Sources */,
				6057C52521A07F1900F6BD47 /* LoggingUtilities.swift in Sources */,
				832910D920229C2D0042C32B /* Fps.swift in Sources */,
				AED22D781FE8404D0096E7C3 /* Renderer.swift in Sources */,
				D810EA5221BB291D00EABB21 /* ClientImplementation.swift in Sources */,
				6BA1873B1FDDD7B6008220DA /* XiClipView.swift in Sources */,
				AED22D7A1FE8418A0096E7C3 /* Atlas.swift in Sources */,
			);
			runOnlyForDeploymentPostprocessing = 0;
		};
		AE499DD71C82BB2B002D68AF /* Sources */ = {
			isa = PBXSourcesBuildPhase;
			buildActionMask = 2147483647;
			files = (
				AE499DE01C82BB2B002D68AF /* XiEditorTests.swift in Sources */,
				D8D319F2218CBCD100D108D4 /* XiCoreTests.swift in Sources */,
			);
			runOnlyForDeploymentPostprocessing = 0;
		};
		AE499DE21C82BB2B002D68AF /* Sources */ = {
			isa = PBXSourcesBuildPhase;
			buildActionMask = 2147483647;
			files = (
				AE499DEB1C82BB2B002D68AF /* XiEditorUITests.swift in Sources */,
			);
			runOnlyForDeploymentPostprocessing = 0;
		};
/* End PBXSourcesBuildPhase section */

/* Begin PBXTargetDependency section */
		0C53411121B746AA004A9550 /* PBXTargetDependency */ = {
			isa = PBXTargetDependency;
			target = 0C62058C21B63B8E00A9758F /* XiCliCore */;
			targetProxy = 0C53411021B746AA004A9550 /* PBXContainerItemProxy */;
		};
		0C53411621B7475F004A9550 /* PBXTargetDependency */ = {
			isa = PBXTargetDependency;
			target = 0C62058C21B63B8E00A9758F /* XiCliCore */;
			targetProxy = 0C53411521B7475F004A9550 /* PBXContainerItemProxy */;
		};
		0C53411921B7816B004A9550 /* PBXTargetDependency */ = {
			isa = PBXTargetDependency;
			target = 0C66CB2A218F5CDB00F6F899 /* XiCli */;
			targetProxy = 0C53411821B7816B004A9550 /* PBXContainerItemProxy */;
		};
		AE499DDD1C82BB2B002D68AF /* PBXTargetDependency */ = {
			isa = PBXTargetDependency;
			target = AE499DCB1C82BB2B002D68AF /* XiEditor */;
			targetProxy = AE499DDC1C82BB2B002D68AF /* PBXContainerItemProxy */;
		};
		AE499DE81C82BB2B002D68AF /* PBXTargetDependency */ = {
			isa = PBXTargetDependency;
			target = AE499DCB1C82BB2B002D68AF /* XiEditor */;
			targetProxy = AE499DE71C82BB2B002D68AF /* PBXContainerItemProxy */;
		};
		D023DA051CD072400087EC0A /* PBXTargetDependency */ = {
			isa = PBXTargetDependency;
			target = D023D9FE1CD0715E0087EC0A /* XiCore */;
			targetProxy = D023DA041CD072400087EC0A /* PBXContainerItemProxy */;
		};
/* End PBXTargetDependency section */

/* Begin XCBuildConfiguration section */
		0C53411321B746AA004A9550 /* Debug */ = {
			isa = XCBuildConfiguration;
			buildSettings = {
				CLANG_ANALYZER_NONNULL = YES;
				CLANG_ANALYZER_NUMBER_OBJECT_CONVERSION = YES_AGGRESSIVE;
				CLANG_CXX_LANGUAGE_STANDARD = "gnu++14";
				CLANG_ENABLE_OBJC_WEAK = YES;
				CLANG_WARN_DOCUMENTATION_COMMENTS = YES;
				CLANG_WARN_UNGUARDED_AVAILABILITY = YES_AGGRESSIVE;
				CODE_SIGN_STYLE = Automatic;
				COMBINE_HIDPI_IMAGES = YES;
				GCC_C_LANGUAGE_STANDARD = gnu11;
				INFOPLIST_FILE = Tests/XiCliCoreTests/Info.plist;
				LD_RUNPATH_SEARCH_PATHS = "$(inherited) @executable_path/../Frameworks @loader_path/../Frameworks";
				MACOSX_DEPLOYMENT_TARGET = 10.12;
				MTL_ENABLE_DEBUG_INFO = INCLUDE_SOURCE;
				MTL_FAST_MATH = YES;
				PRODUCT_BUNDLE_IDENTIFIER = com.Xi.XiMac.XiCliCoreTests;
				PRODUCT_NAME = "$(TARGET_NAME)";
				SWIFT_ACTIVE_COMPILATION_CONDITIONS = DEBUG;
				SWIFT_VERSION = 4.0;
			};
			name = Debug;
		};
		0C53411421B746AA004A9550 /* Release */ = {
			isa = XCBuildConfiguration;
			buildSettings = {
				CLANG_ANALYZER_NONNULL = YES;
				CLANG_ANALYZER_NUMBER_OBJECT_CONVERSION = YES_AGGRESSIVE;
				CLANG_CXX_LANGUAGE_STANDARD = "gnu++14";
				CLANG_ENABLE_OBJC_WEAK = YES;
				CLANG_WARN_DOCUMENTATION_COMMENTS = YES;
				CLANG_WARN_UNGUARDED_AVAILABILITY = YES_AGGRESSIVE;
				CODE_SIGN_STYLE = Automatic;
				COMBINE_HIDPI_IMAGES = YES;
				GCC_C_LANGUAGE_STANDARD = gnu11;
				INFOPLIST_FILE = Tests/XiCliCoreTests/Info.plist;
				LD_RUNPATH_SEARCH_PATHS = "$(inherited) @executable_path/../Frameworks @loader_path/../Frameworks";
				MACOSX_DEPLOYMENT_TARGET = 10.12;
				MTL_FAST_MATH = YES;
				PRODUCT_BUNDLE_IDENTIFIER = com.Xi.XiMac.XiCliCoreTests;
				PRODUCT_NAME = "$(TARGET_NAME)";
				SWIFT_VERSION = 4.0;
			};
			name = Release;
		};
		0C62059421B63B8E00A9758F /* Debug */ = {
			isa = XCBuildConfiguration;
			buildSettings = {
				CLANG_ANALYZER_NONNULL = YES;
				CLANG_ANALYZER_NUMBER_OBJECT_CONVERSION = YES_AGGRESSIVE;
				CLANG_CXX_LANGUAGE_STANDARD = "gnu++14";
				CLANG_ENABLE_OBJC_WEAK = YES;
				CLANG_WARN_DOCUMENTATION_COMMENTS = YES;
				CLANG_WARN_UNGUARDED_AVAILABILITY = YES_AGGRESSIVE;
				CODE_SIGN_STYLE = Automatic;
				EXECUTABLE_PREFIX = lib;
				GCC_C_LANGUAGE_STANDARD = gnu11;
				MACOSX_DEPLOYMENT_TARGET = 10.11;
				MTL_ENABLE_DEBUG_INFO = INCLUDE_SOURCE;
				MTL_FAST_MATH = YES;
				PRODUCT_NAME = "$(TARGET_NAME)";
				SKIP_INSTALL = YES;
				SWIFT_VERSION = 4.0;
			};
			name = Debug;
		};
		0C62059521B63B8E00A9758F /* Release */ = {
			isa = XCBuildConfiguration;
			buildSettings = {
				CLANG_ANALYZER_NONNULL = YES;
				CLANG_ANALYZER_NUMBER_OBJECT_CONVERSION = YES_AGGRESSIVE;
				CLANG_CXX_LANGUAGE_STANDARD = "gnu++14";
				CLANG_ENABLE_OBJC_WEAK = YES;
				CLANG_WARN_DOCUMENTATION_COMMENTS = YES;
				CLANG_WARN_UNGUARDED_AVAILABILITY = YES_AGGRESSIVE;
				CODE_SIGN_STYLE = Automatic;
				EXECUTABLE_PREFIX = lib;
				GCC_C_LANGUAGE_STANDARD = gnu11;
				MACOSX_DEPLOYMENT_TARGET = 10.11;
				MTL_FAST_MATH = YES;
				PRODUCT_NAME = "$(TARGET_NAME)";
				SKIP_INSTALL = YES;
				SWIFT_VERSION = 4.0;
			};
			name = Release;
		};
		0C66CB2F218F5CDB00F6F899 /* Debug */ = {
			isa = XCBuildConfiguration;
			buildSettings = {
				CLANG_ANALYZER_NONNULL = YES;
				CLANG_ANALYZER_NUMBER_OBJECT_CONVERSION = YES_AGGRESSIVE;
				CLANG_CXX_LANGUAGE_STANDARD = "gnu++14";
				CLANG_ENABLE_OBJC_WEAK = YES;
				CLANG_WARN_DOCUMENTATION_COMMENTS = YES;
				CLANG_WARN_UNGUARDED_AVAILABILITY = YES_AGGRESSIVE;
				CODE_SIGN_STYLE = Manual;
				DEVELOPMENT_TEAM = "";
				GCC_C_LANGUAGE_STANDARD = gnu11;
				INFOPLIST_FILE = "$(SRCROOT)/Sources/XiCli/Info.plist";
				LD_RUNPATH_SEARCH_PATHS = "$(inherited) $(TOOLCHAIN_DIR)/usr/lib/swift/macosx @executable_path";
				MTL_ENABLE_DEBUG_INFO = INCLUDE_SOURCE;
				MTL_FAST_MATH = YES;
				PRODUCT_BUNDLE_IDENTIFIER = com.Xi.XiMac.Cli;
				PRODUCT_NAME = "$(TARGET_NAME)";
				PROVISIONING_PROFILE_SPECIFIER = "";
				SWIFT_ACTIVE_COMPILATION_CONDITIONS = DEBUG;
				SWIFT_VERSION = 4.0;
			};
			name = Debug;
		};
		0C66CB30218F5CDB00F6F899 /* Release */ = {
			isa = XCBuildConfiguration;
			buildSettings = {
				CLANG_ANALYZER_NONNULL = YES;
				CLANG_ANALYZER_NUMBER_OBJECT_CONVERSION = YES_AGGRESSIVE;
				CLANG_CXX_LANGUAGE_STANDARD = "gnu++14";
				CLANG_ENABLE_OBJC_WEAK = YES;
				CLANG_WARN_DOCUMENTATION_COMMENTS = YES;
				CLANG_WARN_UNGUARDED_AVAILABILITY = YES_AGGRESSIVE;
				CODE_SIGN_STYLE = Manual;
				DEVELOPMENT_TEAM = "";
				GCC_C_LANGUAGE_STANDARD = gnu11;
				INFOPLIST_FILE = "$(SRCROOT)/Sources/XiCli/Info.plist";
				LD_RUNPATH_SEARCH_PATHS = "$(inherited) $(TOOLCHAIN_DIR)/usr/lib/swift/macosx @executable_path";
				MTL_FAST_MATH = YES;
				PRODUCT_BUNDLE_IDENTIFIER = com.Xi.XiMac.Cli;
				PRODUCT_NAME = "$(TARGET_NAME)";
				PROVISIONING_PROFILE_SPECIFIER = "";
				SWIFT_VERSION = 4.0;
			};
			name = Release;
		};
		AE499DED1C82BB2B002D68AF /* Debug */ = {
			isa = XCBuildConfiguration;
			buildSettings = {
				ALWAYS_SEARCH_USER_PATHS = NO;
				CLANG_CXX_LANGUAGE_STANDARD = "gnu++0x";
				CLANG_CXX_LIBRARY = "libc++";
				CLANG_ENABLE_MODULES = YES;
				CLANG_ENABLE_OBJC_ARC = YES;
				CLANG_WARN_BLOCK_CAPTURE_AUTORELEASING = YES;
				CLANG_WARN_BOOL_CONVERSION = YES;
				CLANG_WARN_COMMA = YES;
				CLANG_WARN_CONSTANT_CONVERSION = YES;
				CLANG_WARN_DEPRECATED_OBJC_IMPLEMENTATIONS = YES;
				CLANG_WARN_DIRECT_OBJC_ISA_USAGE = YES_ERROR;
				CLANG_WARN_EMPTY_BODY = YES;
				CLANG_WARN_ENUM_CONVERSION = YES;
				CLANG_WARN_INFINITE_RECURSION = YES;
				CLANG_WARN_INT_CONVERSION = YES;
				CLANG_WARN_NON_LITERAL_NULL_CONVERSION = YES;
				CLANG_WARN_OBJC_IMPLICIT_RETAIN_SELF = YES;
				CLANG_WARN_OBJC_LITERAL_CONVERSION = YES;
				CLANG_WARN_OBJC_ROOT_CLASS = YES_ERROR;
				CLANG_WARN_RANGE_LOOP_ANALYSIS = YES;
				CLANG_WARN_STRICT_PROTOTYPES = YES;
				CLANG_WARN_SUSPICIOUS_MOVE = YES;
				CLANG_WARN_UNREACHABLE_CODE = YES;
				CLANG_WARN__DUPLICATE_METHOD_MATCH = YES;
				CODE_SIGN_IDENTITY = "-";
				COPY_PHASE_STRIP = NO;
				DEBUG_INFORMATION_FORMAT = dwarf;
				ENABLE_STRICT_OBJC_MSGSEND = YES;
				ENABLE_TESTABILITY = YES;
				GCC_C_LANGUAGE_STANDARD = gnu99;
				GCC_DYNAMIC_NO_PIC = NO;
				GCC_NO_COMMON_BLOCKS = YES;
				GCC_OPTIMIZATION_LEVEL = 0;
				GCC_PREPROCESSOR_DEFINITIONS = (
					"DEBUG=1",
					"$(inherited)",
				);
				GCC_WARN_64_TO_32_BIT_CONVERSION = YES;
				GCC_WARN_ABOUT_RETURN_TYPE = YES_ERROR;
				GCC_WARN_UNDECLARED_SELECTOR = YES;
				GCC_WARN_UNINITIALIZED_AUTOS = YES_AGGRESSIVE;
				GCC_WARN_UNUSED_FUNCTION = YES;
				GCC_WARN_UNUSED_VARIABLE = YES;
				MACOSX_DEPLOYMENT_TARGET = 10.11;
				MTL_ENABLE_DEBUG_INFO = YES;
				ONLY_ACTIVE_ARCH = YES;
				SDKROOT = macosx;
				SWIFT_OPTIMIZATION_LEVEL = "-Onone";
			};
			name = Debug;
		};
		AE499DEE1C82BB2B002D68AF /* Release */ = {
			isa = XCBuildConfiguration;
			buildSettings = {
				ALWAYS_SEARCH_USER_PATHS = NO;
				CLANG_CXX_LANGUAGE_STANDARD = "gnu++0x";
				CLANG_CXX_LIBRARY = "libc++";
				CLANG_ENABLE_MODULES = YES;
				CLANG_ENABLE_OBJC_ARC = YES;
				CLANG_WARN_BLOCK_CAPTURE_AUTORELEASING = YES;
				CLANG_WARN_BOOL_CONVERSION = YES;
				CLANG_WARN_COMMA = YES;
				CLANG_WARN_CONSTANT_CONVERSION = YES;
				CLANG_WARN_DEPRECATED_OBJC_IMPLEMENTATIONS = YES;
				CLANG_WARN_DIRECT_OBJC_ISA_USAGE = YES_ERROR;
				CLANG_WARN_EMPTY_BODY = YES;
				CLANG_WARN_ENUM_CONVERSION = YES;
				CLANG_WARN_INFINITE_RECURSION = YES;
				CLANG_WARN_INT_CONVERSION = YES;
				CLANG_WARN_NON_LITERAL_NULL_CONVERSION = YES;
				CLANG_WARN_OBJC_IMPLICIT_RETAIN_SELF = YES;
				CLANG_WARN_OBJC_LITERAL_CONVERSION = YES;
				CLANG_WARN_OBJC_ROOT_CLASS = YES_ERROR;
				CLANG_WARN_RANGE_LOOP_ANALYSIS = YES;
				CLANG_WARN_STRICT_PROTOTYPES = YES;
				CLANG_WARN_SUSPICIOUS_MOVE = YES;
				CLANG_WARN_UNREACHABLE_CODE = YES;
				CLANG_WARN__DUPLICATE_METHOD_MATCH = YES;
				CODE_SIGN_IDENTITY = "-";
				COPY_PHASE_STRIP = NO;
				DEBUG_INFORMATION_FORMAT = "dwarf-with-dsym";
				ENABLE_NS_ASSERTIONS = NO;
				ENABLE_STRICT_OBJC_MSGSEND = YES;
				GCC_C_LANGUAGE_STANDARD = gnu99;
				GCC_NO_COMMON_BLOCKS = YES;
				GCC_WARN_64_TO_32_BIT_CONVERSION = YES;
				GCC_WARN_ABOUT_RETURN_TYPE = YES_ERROR;
				GCC_WARN_UNDECLARED_SELECTOR = YES;
				GCC_WARN_UNINITIALIZED_AUTOS = YES_AGGRESSIVE;
				GCC_WARN_UNUSED_FUNCTION = YES;
				GCC_WARN_UNUSED_VARIABLE = YES;
				MACOSX_DEPLOYMENT_TARGET = 10.11;
				MTL_ENABLE_DEBUG_INFO = NO;
				SDKROOT = macosx;
				SWIFT_OPTIMIZATION_LEVEL = "-Owholemodule";
			};
			name = Release;
		};
		AE499DF01C82BB2B002D68AF /* Debug */ = {
			isa = XCBuildConfiguration;
			buildSettings = {
				ASSETCATALOG_COMPILER_APPICON_NAME = "AppIcon-Debug";
				COMBINE_HIDPI_IMAGES = YES;
				INFOPLIST_FILE = "$(SRCROOT)/Sources/XiEditor/Info.plist";
				LD_RUNPATH_SEARCH_PATHS = "$(inherited) @executable_path/../Frameworks";
				OTHER_SWIFT_FLAGS = "-D DEBUG";
				PRODUCT_BUNDLE_IDENTIFIER = com.Xi.XiMac.Editor;
				PRODUCT_NAME = "$(TARGET_NAME)";
				SWIFT_VERSION = 4.0;
			};
			name = Debug;
		};
		AE499DF11C82BB2B002D68AF /* Release */ = {
			isa = XCBuildConfiguration;
			buildSettings = {
				ASSETCATALOG_COMPILER_APPICON_NAME = AppIcon;
				COMBINE_HIDPI_IMAGES = YES;
				INFOPLIST_FILE = "$(SRCROOT)/Sources/XiEditor/Info.plist";
				LD_RUNPATH_SEARCH_PATHS = "$(inherited) @executable_path/../Frameworks";
				PRODUCT_BUNDLE_IDENTIFIER = com.Xi.XiMac.Editor;
				PRODUCT_NAME = "$(TARGET_NAME)";
				SWIFT_VERSION = 4.0;
			};
			name = Release;
		};
		AE499DF31C82BB2B002D68AF /* Debug */ = {
			isa = XCBuildConfiguration;
			buildSettings = {
				BUNDLE_LOADER = "$(TEST_HOST)";
				COMBINE_HIDPI_IMAGES = YES;
				INFOPLIST_FILE = Tests/XiEditorTests/Info.plist;
				LD_RUNPATH_SEARCH_PATHS = "$(inherited) @executable_path/../Frameworks @loader_path/../Frameworks";
				PRODUCT_BUNDLE_IDENTIFIER = com.Xi.XiMac.XiEditorTests;
				PRODUCT_NAME = "$(TARGET_NAME)";
				SWIFT_VERSION = 4.0;
				TEST_HOST = "$(BUILT_PRODUCTS_DIR)/XiEditor.app/Contents/MacOS/XiEditor";
			};
			name = Debug;
		};
		AE499DF41C82BB2B002D68AF /* Release */ = {
			isa = XCBuildConfiguration;
			buildSettings = {
				BUNDLE_LOADER = "$(TEST_HOST)";
				COMBINE_HIDPI_IMAGES = YES;
				INFOPLIST_FILE = Tests/XiEditorTests/Info.plist;
				LD_RUNPATH_SEARCH_PATHS = "$(inherited) @executable_path/../Frameworks @loader_path/../Frameworks";
				PRODUCT_BUNDLE_IDENTIFIER = com.Xi.XiMac.XiEditorTests;
				PRODUCT_NAME = "$(TARGET_NAME)";
				SWIFT_VERSION = 4.0;
				TEST_HOST = "$(BUILT_PRODUCTS_DIR)/XiEditor.app/Contents/MacOS/XiEditor";
			};
			name = Release;
		};
		AE499DF61C82BB2B002D68AF /* Debug */ = {
			isa = XCBuildConfiguration;
			buildSettings = {
				COMBINE_HIDPI_IMAGES = YES;
				INFOPLIST_FILE = Tests/XiEditorUITests/Info.plist;
				LD_RUNPATH_SEARCH_PATHS = "$(inherited) @executable_path/../Frameworks @loader_path/../Frameworks";
				PRODUCT_BUNDLE_IDENTIFIER = com.Xi.XiMac.XiEditorUITests;
				PRODUCT_NAME = "$(TARGET_NAME)";
				SWIFT_VERSION = 4.0;
				TEST_TARGET_NAME = XiEditor;
				USES_XCTRUNNER = YES;
			};
			name = Debug;
		};
		AE499DF71C82BB2B002D68AF /* Release */ = {
			isa = XCBuildConfiguration;
			buildSettings = {
				COMBINE_HIDPI_IMAGES = YES;
				INFOPLIST_FILE = Tests/XiEditorUITests/Info.plist;
				LD_RUNPATH_SEARCH_PATHS = "$(inherited) @executable_path/../Frameworks @loader_path/../Frameworks";
				PRODUCT_BUNDLE_IDENTIFIER = com.Xi.XiMac.XiEditorUITests;
				PRODUCT_NAME = "$(TARGET_NAME)";
				SWIFT_VERSION = 4.0;
				TEST_TARGET_NAME = XiEditor;
				USES_XCTRUNNER = YES;
			};
			name = Release;
		};
		D023D9FF1CD0715E0087EC0A /* Debug */ = {
			isa = XCBuildConfiguration;
			buildSettings = {
				PRODUCT_NAME = "$(TARGET_NAME)";
			};
			name = Debug;
		};
		D023DA001CD0715E0087EC0A /* Release */ = {
			isa = XCBuildConfiguration;
			buildSettings = {
				PRODUCT_NAME = "$(TARGET_NAME)";
			};
			name = Release;
		};
/* End XCBuildConfiguration section */

/* Begin XCConfigurationList section */
		0C53411221B746AA004A9550 /* Build configuration list for PBXNativeTarget "XiCliCoreTests" */ = {
			isa = XCConfigurationList;
			buildConfigurations = (
				0C53411321B746AA004A9550 /* Debug */,
				0C53411421B746AA004A9550 /* Release */,
			);
			defaultConfigurationIsVisible = 0;
			defaultConfigurationName = Release;
		};
		0C62059321B63B8E00A9758F /* Build configuration list for PBXNativeTarget "XiCliCore" */ = {
			isa = XCConfigurationList;
			buildConfigurations = (
				0C62059421B63B8E00A9758F /* Debug */,
				0C62059521B63B8E00A9758F /* Release */,
			);
			defaultConfigurationIsVisible = 0;
			defaultConfigurationName = Release;
		};
		0C66CB31218F5CDB00F6F899 /* Build configuration list for PBXNativeTarget "XiCli" */ = {
			isa = XCConfigurationList;
			buildConfigurations = (
				0C66CB2F218F5CDB00F6F899 /* Debug */,
				0C66CB30218F5CDB00F6F899 /* Release */,
			);
			defaultConfigurationIsVisible = 0;
			defaultConfigurationName = Release;
		};
		AE499DC71C82BB2B002D68AF /* Build configuration list for PBXProject "XiEditor" */ = {
			isa = XCConfigurationList;
			buildConfigurations = (
				AE499DED1C82BB2B002D68AF /* Debug */,
				AE499DEE1C82BB2B002D68AF /* Release */,
			);
			defaultConfigurationIsVisible = 0;
			defaultConfigurationName = Release;
		};
		AE499DEF1C82BB2B002D68AF /* Build configuration list for PBXNativeTarget "XiEditor" */ = {
			isa = XCConfigurationList;
			buildConfigurations = (
				AE499DF01C82BB2B002D68AF /* Debug */,
				AE499DF11C82BB2B002D68AF /* Release */,
			);
			defaultConfigurationIsVisible = 0;
			defaultConfigurationName = Release;
		};
		AE499DF21C82BB2B002D68AF /* Build configuration list for PBXNativeTarget "XiEditorTests" */ = {
			isa = XCConfigurationList;
			buildConfigurations = (
				AE499DF31C82BB2B002D68AF /* Debug */,
				AE499DF41C82BB2B002D68AF /* Release */,
			);
			defaultConfigurationIsVisible = 0;
			defaultConfigurationName = Release;
		};
		AE499DF51C82BB2B002D68AF /* Build configuration list for PBXNativeTarget "XiEditorUITests" */ = {
			isa = XCConfigurationList;
			buildConfigurations = (
				AE499DF61C82BB2B002D68AF /* Debug */,
				AE499DF71C82BB2B002D68AF /* Release */,
			);
			defaultConfigurationIsVisible = 0;
			defaultConfigurationName = Release;
		};
		D023DA011CD0715E0087EC0A /* Build configuration list for PBXLegacyTarget "XiCore" */ = {
			isa = XCConfigurationList;
			buildConfigurations = (
				D023D9FF1CD0715E0087EC0A /* Debug */,
				D023DA001CD0715E0087EC0A /* Release */,
			);
			defaultConfigurationIsVisible = 0;
			defaultConfigurationName = Release;
		};
/* End XCConfigurationList section */
	};
	rootObject = AE499DC41C82BB2B002D68AF /* Project object */;
}
